
Microsoft Visual Studio Solution File, Format Version 12.00
# Visual Studio 15
VisualStudioVersion = 15.0.27703.2047
MinimumVisualStudioVersion = 10.0.40219.1
Project("{FAE04EC0-301F-11D3-BF4B-00C04F79EFBC}") = "PokemonUtility", "PokemonUtility\PokemonUtility.csproj", "{D3031E1F-4E2C-4873-9817-4156C6B1E6BD}"
EndProject
Global
	GlobalSection(SolutionConfigurationPlatforms) = preSolution
		Debug|Any CPU = Debug|Any CPU
		Release|Any CPU = Release|Any CPU
	EndGlobalSection
	GlobalSection(ProjectConfigurationPlatforms) = postSolution
		{D3031E1F-4E2C-4873-9817-4156C6B1E6BD}.Debug|Any CPU.ActiveCfg = Debug|Any CPU
		{D3031E1F-4E2C-4873-9817-4156C6B1E6BD}.Debug|Any CPU.Build.0 = Debug|Any CPU
		{D3031E1F-4E2C-4873-9817-4156C6B1E6BD}.Release|Any CPU.ActiveCfg = Release|Any CPU
		{D3031E1F-4E2C-4873-9817-4156C6B1E6BD}.Release|Any CPU.Build.0 = Release|Any CPU
	EndGlobalSection
	GlobalSection(SolutionProperties) = preSolution
		HideSolutionNode = FALSE
	EndGlobalSection
	GlobalSection(ExtensibilityGlobals) = postSolution
		SolutionGuid = {897C6792-A421-4362-BBE0-A4F34145D0E4}
	EndGlobalSection
EndGlobal
